// !$*UTF8*$!
{
	archiveVersion = 1;
	classes = {
	};
	objectVersion = 56;
	objects = {

/* Begin PBXBuildFile section */
		15C0DAE12BA5D84C0006BBEA /* AppDelegate.swift in Sources */ = {isa = PBXBuildFile; fileRef = 15C0DAE02BA5D84C0006BBEA /* AppDelegate.swift */; };
		15C0DAE32BA5D84C0006BBEA /* SceneDelegate.swift in Sources */ = {isa = PBXBuildFile; fileRef = 15C0DAE22BA5D84C0006BBEA /* SceneDelegate.swift */; };
		15C0DAE52BA5D84C0006BBEA /* ViewController.swift in Sources */ = {isa = PBXBuildFile; fileRef = 15C0DAE42BA5D84C0006BBEA /* ViewController.swift */; };
		15C0DAE82BA5D84C0006BBEA /* Base in Resources */ = {isa = PBXBuildFile; fileRef = 15C0DAE72BA5D84C0006BBEA /* Base */; };
		15C0DAEA2BA5D84D0006BBEA /* Assets.xcassets in Resources */ = {isa = PBXBuildFile; fileRef = 15C0DAE92BA5D84D0006BBEA /* Assets.xcassets */; };
		15C0DAED2BA5D84D0006BBEA /* Base in Resources */ = {isa = PBXBuildFile; fileRef = 15C0DAEC2BA5D84D0006BBEA /* Base */; };
		15C0DAF52BA5D86A0006BBEA /* ClosureEx.swift in Sources */ = {isa = PBXBuildFile; fileRef = 15C0DAF42BA5D86A0006BBEA /* ClosureEx.swift */; };
		15C0DAF82BA5DD230006BBEA /* SnapKit in Frameworks */ = {isa = PBXBuildFile; productRef = 15C0DAF72BA5DD230006BBEA /* SnapKit */; };
		15C0DAFA2BA5DD230006BBEA /* SnapKit-Dynamic in Frameworks */ = {isa = PBXBuildFile; productRef = 15C0DAF92BA5DD230006BBEA /* SnapKit-Dynamic */; };
/* End PBXBuildFile section */

/* Begin PBXFileReference section */
		15C0DADD2BA5D84C0006BBEA /* Demo.app */ = {isa = PBXFileReference; explicitFileType = wrapper.application; includeInIndex = 0; path = Demo.app; sourceTree = BUILT_PRODUCTS_DIR; };
		15C0DAE02BA5D84C0006BBEA /* AppDelegate.swift */ = {isa = PBXFileReference; lastKnownFileType = sourcecode.swift; path = AppDelegate.swift; sourceTree = "<group>"; };
		15C0DAE22BA5D84C0006BBEA /* SceneDelegate.swift */ = {isa = PBXFileReference; lastKnownFileType = sourcecode.swift; path = SceneDelegate.swift; sourceTree = "<group>"; };
		15C0DAE42BA5D84C0006BBEA /* ViewController.swift */ = {isa = PBXFileReference; lastKnownFileType = sourcecode.swift; path = ViewController.swift; sourceTree = "<group>"; };
		15C0DAE72BA5D84C0006BBEA /* Base */ = {isa = PBXFileReference; lastKnownFileType = file.storyboard; name = Base; path = Base.lproj/Main.storyboard; sourceTree = "<group>"; };
		15C0DAE92BA5D84D0006BBEA /* Assets.xcassets */ = {isa = PBXFileReference; lastKnownFileType = folder.assetcatalog; path = Assets.xcassets; sourceTree = "<group>"; };
		15C0DAEC2BA5D84D0006BBEA /* Base */ = {isa = PBXFileReference; lastKnownFileType = file.storyboard; name = Base; path = Base.lproj/LaunchScreen.storyboard; sourceTree = "<group>"; };
		15C0DAEE2BA5D84D0006BBEA /* Info.plist */ = {isa = PBXFileReference; lastKnownFileType = text.plist.xml; path = Info.plist; sourceTree = "<group>"; };
		15C0DAF42BA5D86A0006BBEA /* ClosureEx.swift */ = {isa = PBXFileReference; lastKnownFileType = sourcecode.swift; path = ClosureEx.swift; sourceTree = "<group>"; };
		15C0DAFC2BA5E26E0006BBEA /* README.md */ = {isa = PBXFileReference; lastKnownFileType = net.daringfireball.markdown; path = README.md; sourceTree = "<group>"; };
/* End PBXFileReference section */

/* Begin PBXFrameworksBuildPhase section */
		15C0DADA2BA5D84C0006BBEA /* Frameworks */ = {
			isa = PBXFrameworksBuildPhase;
			buildActionMask = 2147483647;
			files = (
				15C0DAF82BA5DD230006BBEA /* SnapKit in Frameworks */,
				15C0DAFA2BA5DD230006BBEA /* SnapKit-Dynamic in Frameworks */,
			);
			runOnlyForDeploymentPostprocessing = 0;
		};
/* End PBXFrameworksBuildPhase section */

/* Begin PBXGroup section */
		15C0DAD42BA5D84C0006BBEA = {
			isa = PBXGroup;
			children = (
				15C0DADF2BA5D84C0006BBEA /* Demo */,
				15C0DADE2BA5D84C0006BBEA /* Products */,
			);
			sourceTree = "<group>";
		};
		15C0DADE2BA5D84C0006BBEA /* Products */ = {
			isa = PBXGroup;
			children = (
				15C0DADD2BA5D84C0006BBEA /* Demo.app */,
			);
			name = Products;
			sourceTree = "<group>";
		};
		15C0DADF2BA5D84C0006BBEA /* Demo */ = {
			isa = PBXGroup;
			children = (
				15C0DAFB2BA5DEDF0006BBEA /* ClosureExample */,
				15C0DAE02BA5D84C0006BBEA /* AppDelegate.swift */,
				15C0DAE22BA5D84C0006BBEA /* SceneDelegate.swift */,
				15C0DAE42BA5D84C0006BBEA /* ViewController.swift */,
				15C0DAE62BA5D84C0006BBEA /* Main.storyboard */,
				15C0DAE92BA5D84D0006BBEA /* Assets.xcassets */,
				15C0DAEB2BA5D84D0006BBEA /* LaunchScreen.storyboard */,
				15C0DAEE2BA5D84D0006BBEA /* Info.plist */,
			);
			path = Demo;
			sourceTree = "<group>";
		};
		15C0DAFB2BA5DEDF0006BBEA /* ClosureExample */ = {
			isa = PBXGroup;
			children = (
				15C0DAF42BA5D86A0006BBEA /* ClosureEx.swift */,
				15C0DAFC2BA5E26E0006BBEA /* README.md */,
			);
			path = ClosureExample;
			sourceTree = "<group>";
		};
/* End PBXGroup section */

/* Begin PBXNativeTarget section */
		15C0DADC2BA5D84C0006BBEA /* Demo */ = {
			isa = PBXNativeTarget;
			buildConfigurationList = 15C0DAF12BA5D84D0006BBEA /* Build configuration list for PBXNativeTarget "Demo" */;
			buildPhases = (
				15C0DAD92BA5D84C0006BBEA /* Sources */,
				15C0DADA2BA5D84C0006BBEA /* Frameworks */,
				15C0DADB2BA5D84C0006BBEA /* Resources */,
			);
			buildRules = (
			);
			dependencies = (
			);
			name = Demo;
			packageProductDependencies = (
				15C0DAF72BA5DD230006BBEA /* SnapKit */,
				15C0DAF92BA5DD230006BBEA /* SnapKit-Dynamic */,
			);
			productName = Demo;
			productReference = 15C0DADD2BA5D84C0006BBEA /* Demo.app */;
			productType = "com.apple.product-type.application";
		};
/* End PBXNativeTarget section */

/* Begin PBXProject section */
		15C0DAD52BA5D84C0006BBEA /* Project object */ = {
			isa = PBXProject;
			attributes = {
				BuildIndependentTargetsInParallel = 1;
				LastSwiftUpdateCheck = 1530;
				LastUpgradeCheck = 1530;
				TargetAttributes = {
					15C0DADC2BA5D84C0006BBEA = {
						CreatedOnToolsVersion = 15.3;
					};
				};
			};
			buildConfigurationList = 15C0DAD82BA5D84C0006BBEA /* Build configuration list for PBXProject "Demo" */;
			compatibilityVersion = "Xcode 14.0";
			developmentRegion = en;
			hasScannedForEncodings = 0;
			knownRegions = (
				en,
				Base,
			);
			mainGroup = 15C0DAD42BA5D84C0006BBEA;
			packageReferences = (
				15C0DAF62BA5DD230006BBEA /* XCRemoteSwiftPackageReference "SnapKit" */,
			);
			productRefGroup = 15C0DADE2BA5D84C0006BBEA /* Products */;
			projectDirPath = "";
			projectRoot = "";
			targets = (
				15C0DADC2BA5D84C0006BBEA /* Demo */,
			);
		};
/* End PBXProject section */

/* Begin PBXResourcesBuildPhase section */
		15C0DADB2BA5D84C0006BBEA /* Resources */ = {
			isa = PBXResourcesBuildPhase;
			buildActionMask = 2147483647;
			files = (
				15C0DAEA2BA5D84D0006BBEA /* Assets.xcassets in Resources */,
				15C0DAED2BA5D84D0006BBEA /* Base in Resources */,
				15C0DAE82BA5D84C0006BBEA /* Base in Resources */,
			);
			runOnlyForDeploymentPostprocessing = 0;
		};
/* End PBXResourcesBuildPhase section */

/* Begin PBXSourcesBuildPhase section */
		15C0DAD92BA5D84C0006BBEA /* Sources */ = {
			isa = PBXSourcesBuildPhase;
			buildActionMask = 2147483647;
			files = (
				15C0DAE52BA5D84C0006BBEA /* ViewController.swift in Sources */,
				15C0DAF52BA5D86A0006BBEA /* ClosureEx.swift in Sources */,
				15C0DAE12BA5D84C0006BBEA /* AppDelegate.swift in Sources */,
				15C0DAE32BA5D84C0006BBEA /* SceneDelegate.swift in Sources */,
			);
			runOnlyForDeploymentPostprocessing = 0;
		};
/* End PBXSourcesBuildPhase section */

/* Begin PBXVariantGroup section */
		15C0DAE62BA5D84C0006BBEA /* Main.storyboard */ = {
			isa = PBXVariantGroup;
			children = (
				15C0DAE72BA5D84C0006BBEA /* Base */,
			);
			name = Main.storyboard;
			sourceTree = "<group>";
		};
		15C0DAEB2BA5D84D0006BBEA /* LaunchScreen.storyboard */ = {
			isa = PBXVariantGroup;
			children = (
				15C0DAEC2BA5D84D0006BBEA /* Base */,
			);
			name = LaunchScreen.storyboard;
			sourceTree = "<group>";
		};
/* End PBXVariantGroup section */

/* Begin XCBuildConfiguration section */
		15C0DAEF2BA5D84D0006BBEA /* Debug */ = {
			isa = XCBuildConfiguration;
			buildSettings = {
				ALWAYS_SEARCH_USER_PATHS = NO;
				ASSETCATALOG_COMPILER_GENERATE_SWIFT_ASSET_SYMBOL_EXTENSIONS = YES;
				CLANG_ANALYZER_NONNULL = YES;
				CLANG_ANALYZER_NUMBER_OBJECT_CONVERSION = YES_AGGRESSIVE;
				CLANG_CXX_LANGUAGE_STANDARD = "gnu++20";
				CLANG_ENABLE_MODULES = YES;
				CLANG_ENABLE_OBJC_ARC = YES;
				CLANG_ENABLE_OBJC_WEAK = YES;
				CLANG_WARN_BLOCK_CAPTURE_AUTORELEASING = YES;
				CLANG_WARN_BOOL_CONVERSION = YES;
				CLANG_WARN_COMMA = YES;
				CLANG_WARN_CONSTANT_CONVERSION = YES;
				CLANG_WARN_DEPRECATED_OBJC_IMPLEMENTATIONS = YES;
				CLANG_WARN_DIRECT_OBJC_ISA_USAGE = YES_ERROR;
				CLANG_WARN_DOCUMENTATION_COMMENTS = YES;
				CLANG_WARN_EMPTY_BODY = YES;
				CLANG_WARN_ENUM_CONVERSION = YES;
				CLANG_WARN_INFINITE_RECURSION = YES;
				CLANG_WARN_INT_CONVERSION = YES;
				CLANG_WARN_NON_LITERAL_NULL_CONVERSION = YES;
				CLANG_WARN_OBJC_IMPLICIT_RETAIN_SELF = YES;
				CLANG_WARN_OBJC_LITERAL_CONVERSION = YES;
				CLANG_WARN_OBJC_ROOT_CLASS = YES_ERROR;
				CLANG_WARN_QUOTED_INCLUDE_IN_FRAMEWORK_HEADER = YES;
				CLANG_WARN_RANGE_LOOP_ANALYSIS = YES;
				CLANG_WARN_STRICT_PROTOTYPES = YES;
				CLANG_WARN_SUSPICIOUS_MOVE = YES;
				CLANG_WARN_UNGUARDED_AVAILABILITY = YES_AGGRESSIVE;
				CLANG_WARN_UNREACHABLE_CODE = YES;
				CLANG_WARN__DUPLICATE_METHOD_MATCH = YES;
				COPY_PHASE_STRIP = NO;
				DEBUG_INFORMATION_FORMAT = dwarf;
				ENABLE_STRICT_OBJC_MSGSEND = YES;
				ENABLE_TESTABILITY = YES;
				ENABLE_USER_SCRIPT_SANDBOXING = YES;
				GCC_C_LANGUAGE_STANDARD = gnu17;
				GCC_DYNAMIC_NO_PIC = NO;
				GCC_NO_COMMON_BLOCKS = YES;
				GCC_OPTIMIZATION_LEVEL = 0;
				GCC_PREPROCESSOR_DEFINITIONS = (
					"DEBUG=1",
					"$(inherited)",
				);
				GCC_WARN_64_TO_32_BIT_CONVERSION = YES;
				GCC_WARN_ABOUT_RETURN_TYPE = YES_ERROR;
				GCC_WARN_UNDECLARED_SELECTOR = YES;
				GCC_WARN_UNINITIALIZED_AUTOS = YES_AGGRESSIVE;
				GCC_WARN_UNUSED_FUNCTION = YES;
				GCC_WARN_UNUSED_VARIABLE = YES;
				IPHONEOS_DEPLOYMENT_TARGET = 17.4;
				LOCALIZATION_PREFERS_STRING_CATALOGS = YES;
				MTL_ENABLE_DEBUG_INFO = INCLUDE_SOURCE;
				MTL_FAST_MATH = YES;
				ONLY_ACTIVE_ARCH = YES;
				SDKROOT = iphoneos;
				SWIFT_ACTIVE_COMPILATION_CONDITIONS = "DEBUG $(inherited)";
				SWIFT_OPTIMIZATION_LEVEL = "-Onone";
			};
			name = Debug;
		};
		15C0DAF02BA5D84D0006BBEA /* Release */ = {
			isa = XCBuildConfiguration;
			buildSettings = {
				ALWAYS_SEARCH_USER_PATHS = NO;
				ASSETCATALOG_COMPILER_GENERATE_SWIFT_ASSET_SYMBOL_EXTENSIONS = YES;
				CLANG_ANALYZER_NONNULL = YES;
				CLANG_ANALYZER_NUMBER_OBJECT_CONVERSION = YES_AGGRESSIVE;
				CLANG_CXX_LANGUAGE_STANDARD = "gnu++20";
				CLANG_ENABLE_MODULES = YES;
				CLANG_ENABLE_OBJC_ARC = YES;
				CLANG_ENABLE_OBJC_WEAK = YES;
				CLANG_WARN_BLOCK_CAPTURE_AUTORELEASING = YES;
				CLANG_WARN_BOOL_CONVERSION = YES;
				CLANG_WARN_COMMA = YES;
				CLANG_WARN_CONSTANT_CONVERSION = YES;
				CLANG_WARN_DEPRECATED_OBJC_IMPLEMENTATIONS = YES;
				CLANG_WARN_DIRECT_OBJC_ISA_USAGE = YES_ERROR;
				CLANG_WARN_DOCUMENTATION_COMMENTS = YES;
				CLANG_WARN_EMPTY_BODY = YES;
				CLANG_WARN_ENUM_CONVERSION = YES;
				CLANG_WARN_INFINITE_RECURSION = YES;
				CLANG_WARN_INT_CONVERSION = YES;
				CLANG_WARN_NON_LITERAL_NULL_CONVERSION = YES;
				CLANG_WARN_OBJC_IMPLICIT_RETAIN_SELF = YES;
				CLANG_WARN_OBJC_LITERAL_CONVERSION = YES;
				CLANG_WARN_OBJC_ROOT_CLASS = YES_ERROR;
				CLANG_WARN_QUOTED_INCLUDE_IN_FRAMEWORK_HEADER = YES;
				CLANG_WARN_RANGE_LOOP_ANALYSIS = YES;
				CLANG_WARN_STRICT_PROTOTYPES = YES;
				CLANG_WARN_SUSPICIOUS_MOVE = YES;
				CLANG_WARN_UNGUARDED_AVAILABILITY = YES_AGGRESSIVE;
				CLANG_WARN_UNREACHABLE_CODE = YES;
				CLANG_WARN__DUPLICATE_METHOD_MATCH = YES;
				COPY_PHASE_STRIP = NO;
				DEBUG_INFORMATION_FORMAT = "dwarf-with-dsym";
				ENABLE_NS_ASSERTIONS = NO;
				ENABLE_STRICT_OBJC_MSGSEND = YES;
				ENABLE_USER_SCRIPT_SANDBOXING = YES;
				GCC_C_LANGUAGE_STANDARD = gnu17;
				GCC_NO_COMMON_BLOCKS = YES;
				GCC_WARN_64_TO_32_BIT_CONVERSION = YES;
				GCC_WARN_ABOUT_RETURN_TYPE = YES_ERROR;
				GCC_WARN_UNDECLARED_SELECTOR = YES;
				GCC_WARN_UNINITIALIZED_AUTOS = YES_AGGRESSIVE;
				GCC_WARN_UNUSED_FUNCTION = YES;
				GCC_WARN_UNUSED_VARIABLE = YES;
				IPHONEOS_DEPLOYMENT_TARGET = 17.4;
				LOCALIZATION_PREFERS_STRING_CATALOGS = YES;
				MTL_ENABLE_DEBUG_INFO = NO;
				MTL_FAST_MATH = YES;
				SDKROOT = iphoneos;
				SWIFT_COMPILATION_MODE = wholemodule;
				VALIDATE_PRODUCT = YES;
			};
			name = Release;
		};
		15C0DAF22BA5D84D0006BBEA /* Debug */ = {
			isa = XCBuildConfiguration;
			buildSettings = {
				ASSETCATALOG_COMPILER_APPICON_NAME = AppIcon;
				ASSETCATALOG_COMPILER_GLOBAL_ACCENT_COLOR_NAME = AccentColor;
				CODE_SIGN_STYLE = Automatic;
				CURRENT_PROJECT_VERSION = 1;
				GENERATE_INFOPLIST_FILE = YES;
				INFOPLIST_FILE = Demo/Info.plist;
				INFOPLIST_KEY_UIApplicationSupportsIndirectInputEvents = YES;
				INFOPLIST_KEY_UILaunchStoryboardName = LaunchScreen;
				INFOPLIST_KEY_UIMainStoryboardFile = Main;
				INFOPLIST_KEY_UISupportedInterfaceOrientations_iPad = "UIInterfaceOrientationPortrait UIInterfaceOrientationPortraitUpsideDown UIInterfaceOrientationLandscapeLeft UIInterfaceOrientationLandscapeRight";
				INFOPLIST_KEY_UISupportedInterfaceOrientations_iPhone = "UIInterfaceOrientationPortrait UIInterfaceOrientationLandscapeLeft UIInterfaceOrientationLandscapeRight";
				LD_RUNPATH_SEARCH_PATHS = (
					"$(inherited)",
					"@executable_path/Frameworks",
				);
				MARKETING_VERSION = 1.0;
				PRODUCT_BUNDLE_IDENTIFIER = hoangatuan.Demo;
				PRODUCT_NAME = "$(TARGET_NAME)";
				SWIFT_EMIT_LOC_STRINGS = YES;
				SWIFT_VERSION = 5.0;
				TARGETED_DEVICE_FAMILY = "1,2";
			};
			name = Debug;
		};
		15C0DAF32BA5D84D0006BBEA /* Release */ = {
			isa = XCBuildConfiguration;
			buildSettings = {
				ASSETCATALOG_COMPILER_APPICON_NAME = AppIcon;
				ASSETCATALOG_COMPILER_GLOBAL_ACCENT_COLOR_NAME = AccentColor;
				CODE_SIGN_STYLE = Automatic;
				CURRENT_PROJECT_VERSION = 1;
				GENERATE_INFOPLIST_FILE = YES;
				INFOPLIST_FILE = Demo/Info.plist;
				INFOPLIST_KEY_UIApplicationSupportsIndirectInputEvents = YES;
				INFOPLIST_KEY_UILaunchStoryboardName = LaunchScreen;
				INFOPLIST_KEY_UIMainStoryboardFile = Main;
				INFOPLIST_KEY_UISupportedInterfaceOrientations_iPad = "UIInterfaceOrientationPortrait UIInterfaceOrientationPortraitUpsideDown UIInterfaceOrientationLandscapeLeft UIInterfaceOrientationLandscapeRight";
				INFOPLIST_KEY_UISupportedInterfaceOrientations_iPhone = "UIInterfaceOrientationPortrait UIInterfaceOrientationLandscapeLeft UIInterfaceOrientationLandscapeRight";
				LD_RUNPATH_SEARCH_PATHS = (
					"$(inherited)",
					"@executable_path/Frameworks",
				);
				MARKETING_VERSION = 1.0;
				PRODUCT_BUNDLE_IDENTIFIER = hoangatuan.Demo;
				PRODUCT_NAME = "$(TARGET_NAME)";
				SWIFT_EMIT_LOC_STRINGS = YES;
				SWIFT_VERSION = 5.0;
				TARGETED_DEVICE_FAMILY = "1,2";
			};
			name = Release;
		};
/* End XCBuildConfiguration section */

/* Begin XCConfigurationList section */
		15C0DAD82BA5D84C0006BBEA /* Build configuration list for PBXProject "Demo" */ = {
			isa = XCConfigurationList;
			buildConfigurations = (
				15C0DAEF2BA5D84D0006BBEA /* Debug */,
				15C0DAF02BA5D84D0006BBEA /* Release */,
			);
			defaultConfigurationIsVisible = 0;
			defaultConfigurationName = Release;
		};
		15C0DAF12BA5D84D0006BBEA /* Build configuration list for PBXNativeTarget "Demo" */ = {
			isa = XCConfigurationList;
			buildConfigurations = (
				15C0DAF22BA5D84D0006BBEA /* Debug */,
				15C0DAF32BA5D84D0006BBEA /* Release */,
			);
			defaultConfigurationIsVisible = 0;
			defaultConfigurationName = Release;
		};
/* End XCConfigurationList section */

/* Begin XCRemoteSwiftPackageReference section */
		15C0DAF62BA5DD230006BBEA /* XCRemoteSwiftPackageReference "SnapKit" */ = {
			isa = XCRemoteSwiftPackageReference;
			repositoryURL = "https://github.com/SnapKit/SnapKit";
			requirement = {
				kind = upToNextMajorVersion;
				minimumVersion = 5.7.1;
			};
		};
/* End XCRemoteSwiftPackageReference section */

/* Begin XCSwiftPackageProductDependency section */
		15C0DAF72BA5DD230006BBEA /* SnapKit */ = {
			isa = XCSwiftPackageProductDependency;
			package = 15C0DAF62BA5DD230006BBEA /* XCRemoteSwiftPackageReference "SnapKit" */;
			productName = SnapKit;
		};
		15C0DAF92BA5DD230006BBEA /* SnapKit-Dynamic */ = {
			isa = XCSwiftPackageProductDependency;
			package = 15C0DAF62BA5DD230006BBEA /* XCRemoteSwiftPackageReference "SnapKit" */;
			productName = "SnapKit-Dynamic";
		};
/* End XCSwiftPackageProductDependency section */
	};
	rootObject = 15C0DAD52BA5D84C0006BBEA /* Project object */;
}
